
Microsoft Visual Studio Solution File, Format Version 12.00
# Visual Studio 15
VisualStudioVersion = 15.0.26124.0
MinimumVisualStudioVersion = 15.0.26124.0
Project("{2150E333-8FDC-42A3-9474-1A3956D46DE8}") = "src", "src", "{9BBB6D8C-8F89-4690-A166-ABDC45C30B72}"
EndProject
Project("{FAE04EC0-301F-11D3-BF4B-00C04F79EFBC}") = "Nyx", "src\Nyx\Nyx.csproj", "{BFC22501-759F-4EC9-A797-BF17FB4C43B8}"
EndProject
Project("{2150E333-8FDC-42A3-9474-1A3956D46DE8}") = "tests", "tests", "{EB96C56F-4F8E-4334-ABA3-25BE22013BA4}"
EndProject
Project("{FAE04EC0-301F-11D3-BF4B-00C04F79EFBC}") = "Nyx.Tests", "tests\Nyx\Nyx.Tests.csproj", "{01B76D80-AAB8-43CD-BB17-F56B38331513}"
EndProject
Global
	GlobalSection(SolutionConfigurationPlatforms) = preSolution
		Debug|Any CPU = Debug|Any CPU
		Debug|x64 = Debug|x64
		Debug|x86 = Debug|x86
		Release|Any CPU = Release|Any CPU
		Release|x64 = Release|x64
		Release|x86 = Release|x86
	EndGlobalSection
	GlobalSection(SolutionProperties) = preSolution
		HideSolutionNode = FALSE
	EndGlobalSection
	GlobalSection(ProjectConfigurationPlatforms) = postSolution
		{BFC22501-759F-4EC9-A797-BF17FB4C43B8}.Debug|Any CPU.ActiveCfg = Debug|Any CPU
		{BFC22501-759F-4EC9-A797-BF17FB4C43B8}.Debug|Any CPU.Build.0 = Debug|Any CPU
		{BFC22501-759F-4EC9-A797-BF17FB4C43B8}.Debug|x64.ActiveCfg = Debug|Any CPU
		{BFC22501-759F-4EC9-A797-BF17FB4C43B8}.Debug|x64.Build.0 = Debug|Any CPU
		{BFC22501-759F-4EC9-A797-BF17FB4C43B8}.Debug|x86.ActiveCfg = Debug|Any CPU
		{BFC22501-759F-4EC9-A797-BF17FB4C43B8}.Debug|x86.Build.0 = Debug|Any CPU
		{BFC22501-759F-4EC9-A797-BF17FB4C43B8}.Release|Any CPU.ActiveCfg = Release|Any CPU
		{BFC22501-759F-4EC9-A797-BF17FB4C43B8}.Release|Any CPU.Build.0 = Release|Any CPU
		{BFC22501-759F-4EC9-A797-BF17FB4C43B8}.Release|x64.ActiveCfg = Release|Any CPU
		{BFC22501-759F-4EC9-A797-BF17FB4C43B8}.Release|x64.Build.0 = Release|Any CPU
		{BFC22501-759F-4EC9-A797-BF17FB4C43B8}.Release|x86.ActiveCfg = Release|Any CPU
		{BFC22501-759F-4EC9-A797-BF17FB4C43B8}.Release|x86.Build.0 = Release|Any CPU
		{01B76D80-AAB8-43CD-BB17-F56B38331513}.Debug|Any CPU.ActiveCfg = Debug|Any CPU
		{01B76D80-AAB8-43CD-BB17-F56B38331513}.Debug|Any CPU.Build.0 = Debug|Any CPU
		{01B76D80-AAB8-43CD-BB17-F56B38331513}.Debug|x64.ActiveCfg = Debug|Any CPU
		{01B76D80-AAB8-43CD-BB17-F56B38331513}.Debug|x64.Build.0 = Debug|Any CPU
		{01B76D80-AAB8-43CD-BB17-F56B38331513}.Debug|x86.ActiveCfg = Debug|Any CPU
		{01B76D80-AAB8-43CD-BB17-F56B38331513}.Debug|x86.Build.0 = Debug|Any CPU
		{01B76D80-AAB8-43CD-BB17-F56B38331513}.Release|Any CPU.ActiveCfg = Release|Any CPU
		{01B76D80-AAB8-43CD-BB17-F56B38331513}.Release|Any CPU.Build.0 = Release|Any CPU
		{01B76D80-AAB8-43CD-BB17-F56B38331513}.Release|x64.ActiveCfg = Release|Any CPU
		{01B76D80-AAB8-43CD-BB17-F56B38331513}.Release|x64.Build.0 = Release|Any CPU
		{01B76D80-AAB8-43CD-BB17-F56B38331513}.Release|x86.ActiveCfg = Release|Any CPU
		{01B76D80-AAB8-43CD-BB17-F56B38331513}.Release|x86.Build.0 = Release|Any CPU
	EndGlobalSection
	GlobalSection(NestedProjects) = preSolution
		{BFC22501-759F-4EC9-A797-BF17FB4C43B8} = {9BBB6D8C-8F89-4690-A166-ABDC45C30B72}
		{01B76D80-AAB8-43CD-BB17-F56B38331513} = {EB96C56F-4F8E-4334-ABA3-25BE22013BA4}
	EndGlobalSection
EndGlobal
